{
  "name": "nanakeche-web",
  "lockfileVersion": 3,
  "requires": true,
  "packages": {
    "": {
      "dependencies": {
        "leaflet.tilelayer.colorfilter": "^2.0.0"
      }
    },
    "node_modules/leaflet": {
      "version": "1.9.4",
      "resolved": "https://registry.npmjs.org/leaflet/-/leaflet-1.9.4.tgz",
      "integrity": "sha512-nxS1ynzJOmOlHp+iL3FyWqK89GtNL8U8rvlMOsQdTTssxZwCXh8N2NB3GDQOL+YR3XnWyZAxwQixURb+FA74PA==",
      "license": "BSD-2-Clause",
      "peer": true
    },
    "node_modules/leaflet.tilelayer.colorfilter": {
      "version": "2.0.0",
      "resolved": "https://registry.npmjs.org/leaflet.tilelayer.colorfilter/-/leaflet.tilelayer.colorfilter-2.0.0.tgz",
      "integrity": "sha512-hLgNRQ50n9PoFWDdEAEDUXtHW64LOpCvhV0qyHhpm73TQqWxfNFUFoGOZrw3DrTFIG26TSJRwkO012QdOE0M3g==",
      "license": "MIT",
      "peerDependencies": {
        "leaflet": ">=0.6.0 <3"
      }
    }
  }
}
